
Microsoft Visual Studio Solution File, Format Version 12.00
# Visual Studio Version 17
VisualStudioVersion = 17.8.0.0
MinimumVisualStudioVersion = 17.8.0.0
Project("{9A19103F-16F7-4668-BE54-9A1E7A4F7556}") = "LocationVoitures.AppHost", "LocationVoitures.AppHost\LocationVoitures.AppHost.csproj", "{7CE59084-0762-4197-838C-2D46213CBEBE}"
EndProject
Project("{9A19103F-16F7-4668-BE54-9A1E7A4F7556}") = "LocationVoitures.ServiceDefaults", "LocationVoitures.ServiceDefaults\LocationVoitures.ServiceDefaults.csproj", "{245FC646-98FF-44B5-955F-F7B0A2E6FBA5}"
EndProject
Project("{9A19103F-16F7-4668-BE54-9A1E7A4F7556}") = "LocationVoitures.ApiService", "LocationVoitures.ApiService\LocationVoitures.ApiService.csproj", "{B71D1376-EE9B-4C34-813D-15D0E691FD9F}"
EndProject
Project("{9A19103F-16F7-4668-BE54-9A1E7A4F7556}") = "LocationVoitures.Web", "LocationVoitures.Web\LocationVoitures.Web.csproj", "{D5C6690D-EAF7-44CA-9385-4215544CB2C9}"
EndProject
Project("{FAE04EC0-301F-11D3-BF4B-00C04F79EFBC}") = "LocationVoitures.Tests", "LocationVoitures.Tests\LocationVoitures.Tests.csproj", "{64F0DDDB-5720-4DB0-BD7C-04852B48E58D}"
EndProject
Project("{FAE04EC0-301F-11D3-BF4B-00C04F79EFBC}") = "LocationVoitures.Gateway", "LocationVoitures.Gateway\LocationVoitures.Gateway.csproj", "{208EB968-CEF1-4B1D-9AE5-FFEED4074AC7}"
EndProject
Project("{FAE04EC0-301F-11D3-BF4B-00C04F79EFBC}") = "LocationVoitures.PaymentService", "LocationVoitures.PaymentService\LocationVoitures.PaymentService.csproj", "{797C8F79-AA56-46B8-B03E-3E4BB6216402}"
EndProject
Global
	GlobalSection(SolutionConfigurationPlatforms) = preSolution
		Debug|Any CPU = Debug|Any CPU
		Debug|x64 = Debug|x64
		Debug|x86 = Debug|x86
		Release|Any CPU = Release|Any CPU
		Release|x64 = Release|x64
		Release|x86 = Release|x86
	EndGlobalSection
	GlobalSection(ProjectConfigurationPlatforms) = postSolution
		{7CE59084-0762-4197-838C-2D46213CBEBE}.Debug|Any CPU.ActiveCfg = Debug|Any CPU
		{7CE59084-0762-4197-838C-2D46213CBEBE}.Debug|Any CPU.Build.0 = Debug|Any CPU
		{7CE59084-0762-4197-838C-2D46213CBEBE}.Debug|x64.ActiveCfg = Debug|Any CPU
		{7CE59084-0762-4197-838C-2D46213CBEBE}.Debug|x64.Build.0 = Debug|Any CPU
		{7CE59084-0762-4197-838C-2D46213CBEBE}.Debug|x86.ActiveCfg = Debug|Any CPU
		{7CE59084-0762-4197-838C-2D46213CBEBE}.Debug|x86.Build.0 = Debug|Any CPU
		{7CE59084-0762-4197-838C-2D46213CBEBE}.Release|Any CPU.ActiveCfg = Release|Any CPU
		{7CE59084-0762-4197-838C-2D46213CBEBE}.Release|Any CPU.Build.0 = Release|Any CPU
		{7CE59084-0762-4197-838C-2D46213CBEBE}.Release|x64.ActiveCfg = Release|Any CPU
		{7CE59084-0762-4197-838C-2D46213CBEBE}.Release|x64.Build.0 = Release|Any CPU
		{7CE59084-0762-4197-838C-2D46213CBEBE}.Release|x86.ActiveCfg = Release|Any CPU
		{7CE59084-0762-4197-838C-2D46213CBEBE}.Release|x86.Build.0 = Release|Any CPU
		{245FC646-98FF-44B5-955F-F7B0A2E6FBA5}.Debug|Any CPU.ActiveCfg = Debug|Any CPU
		{245FC646-98FF-44B5-955F-F7B0A2E6FBA5}.Debug|Any CPU.Build.0 = Debug|Any CPU
		{245FC646-98FF-44B5-955F-F7B0A2E6FBA5}.Debug|x64.ActiveCfg = Debug|Any CPU
		{245FC646-98FF-44B5-955F-F7B0A2E6FBA5}.Debug|x64.Build.0 = Debug|Any CPU
		{245FC646-98FF-44B5-955F-F7B0A2E6FBA5}.Debug|x86.ActiveCfg = Debug|Any CPU
		{245FC646-98FF-44B5-955F-F7B0A2E6FBA5}.Debug|x86.Build.0 = Debug|Any CPU
		{245FC646-98FF-44B5-955F-F7B0A2E6FBA5}.Release|Any CPU.ActiveCfg = Release|Any CPU
		{245FC646-98FF-44B5-955F-F7B0A2E6FBA5}.Release|Any CPU.Build.0 = Release|Any CPU
		{245FC646-98FF-44B5-955F-F7B0A2E6FBA5}.Release|x64.ActiveCfg = Release|Any CPU
		{245FC646-98FF-44B5-955F-F7B0A2E6FBA5}.Release|x64.Build.0 = Release|Any CPU
		{245FC646-98FF-44B5-955F-F7B0A2E6FBA5}.Release|x86.ActiveCfg = Release|Any CPU
		{245FC646-98FF-44B5-955F-F7B0A2E6FBA5}.Release|x86.Build.0 = Release|Any CPU
		{B71D1376-EE9B-4C34-813D-15D0E691FD9F}.Debug|Any CPU.ActiveCfg = Debug|Any CPU
		{B71D1376-EE9B-4C34-813D-15D0E691FD9F}.Debug|Any CPU.Build.0 = Debug|Any CPU
		{B71D1376-EE9B-4C34-813D-15D0E691FD9F}.Debug|x64.ActiveCfg = Debug|Any CPU
		{B71D1376-EE9B-4C34-813D-15D0E691FD9F}.Debug|x64.Build.0 = Debug|Any CPU
		{B71D1376-EE9B-4C34-813D-15D0E691FD9F}.Debug|x86.ActiveCfg = Debug|Any CPU
		{B71D1376-EE9B-4C34-813D-15D0E691FD9F}.Debug|x86.Build.0 = Debug|Any CPU
		{B71D1376-EE9B-4C34-813D-15D0E691FD9F}.Release|Any CPU.ActiveCfg = Release|Any CPU
		{B71D1376-EE9B-4C34-813D-15D0E691FD9F}.Release|Any CPU.Build.0 = Release|Any CPU
		{B71D1376-EE9B-4C34-813D-15D0E691FD9F}.Release|x64.ActiveCfg = Release|Any CPU
		{B71D1376-EE9B-4C34-813D-15D0E691FD9F}.Release|x64.Build.0 = Release|Any CPU
		{B71D1376-EE9B-4C34-813D-15D0E691FD9F}.Release|x86.ActiveCfg = Release|Any CPU
		{B71D1376-EE9B-4C34-813D-15D0E691FD9F}.Release|x86.Build.0 = Release|Any CPU
		{D5C6690D-EAF7-44CA-9385-4215544CB2C9}.Debug|Any CPU.ActiveCfg = Debug|Any CPU
		{D5C6690D-EAF7-44CA-9385-4215544CB2C9}.Debug|Any CPU.Build.0 = Debug|Any CPU
		{D5C6690D-EAF7-44CA-9385-4215544CB2C9}.Debug|x64.ActiveCfg = Debug|Any CPU
		{D5C6690D-EAF7-44CA-9385-4215544CB2C9}.Debug|x64.Build.0 = Debug|Any CPU
		{D5C6690D-EAF7-44CA-9385-4215544CB2C9}.Debug|x86.ActiveCfg = Debug|Any CPU
		{D5C6690D-EAF7-44CA-9385-4215544CB2C9}.Debug|x86.Build.0 = Debug|Any CPU
		{D5C6690D-EAF7-44CA-9385-4215544CB2C9}.Release|Any CPU.ActiveCfg = Release|Any CPU
		{D5C6690D-EAF7-44CA-9385-4215544CB2C9}.Release|Any CPU.Build.0 = Release|Any CPU
		{D5C6690D-EAF7-44CA-9385-4215544CB2C9}.Release|x64.ActiveCfg = Release|Any CPU
		{D5C6690D-EAF7-44CA-9385-4215544CB2C9}.Release|x64.Build.0 = Release|Any CPU
		{D5C6690D-EAF7-44CA-9385-4215544CB2C9}.Release|x86.ActiveCfg = Release|Any CPU
		{D5C6690D-EAF7-44CA-9385-4215544CB2C9}.Release|x86.Build.0 = Release|Any CPU
		{64F0DDDB-5720-4DB0-BD7C-04852B48E58D}.Debug|Any CPU.ActiveCfg = Debug|Any CPU
		{64F0DDDB-5720-4DB0-BD7C-04852B48E58D}.Debug|Any CPU.Build.0 = Debug|Any CPU
		{64F0DDDB-5720-4DB0-BD7C-04852B48E58D}.Debug|x64.ActiveCfg = Debug|Any CPU
		{64F0DDDB-5720-4DB0-BD7C-04852B48E58D}.Debug|x64.Build.0 = Debug|Any CPU
		{64F0DDDB-5720-4DB0-BD7C-04852B48E58D}.Debug|x86.ActiveCfg = Debug|Any CPU
		{64F0DDDB-5720-4DB0-BD7C-04852B48E58D}.Debug|x86.Build.0 = Debug|Any CPU
		{64F0DDDB-5720-4DB0-BD7C-04852B48E58D}.Release|Any CPU.ActiveCfg = Release|Any CPU
		{64F0DDDB-5720-4DB0-BD7C-04852B48E58D}.Release|Any CPU.Build.0 = Release|Any CPU
		{64F0DDDB-5720-4DB0-BD7C-04852B48E58D}.Release|x64.ActiveCfg = Release|Any CPU
		{64F0DDDB-5720-4DB0-BD7C-04852B48E58D}.Release|x64.Build.0 = Release|Any CPU
		{64F0DDDB-5720-4DB0-BD7C-04852B48E58D}.Release|x86.ActiveCfg = Release|Any CPU
		{64F0DDDB-5720-4DB0-BD7C-04852B48E58D}.Release|x86.Build.0 = Release|Any CPU
		{208EB968-CEF1-4B1D-9AE5-FFEED4074AC7}.Debug|Any CPU.ActiveCfg = Debug|Any CPU
		{208EB968-CEF1-4B1D-9AE5-FFEED4074AC7}.Debug|Any CPU.Build.0 = Debug|Any CPU
		{208EB968-CEF1-4B1D-9AE5-FFEED4074AC7}.Debug|x64.ActiveCfg = Debug|Any CPU
		{208EB968-CEF1-4B1D-9AE5-FFEED4074AC7}.Debug|x64.Build.0 = Debug|Any CPU
		{208EB968-CEF1-4B1D-9AE5-FFEED4074AC7}.Debug|x86.ActiveCfg = Debug|Any CPU
		{208EB968-CEF1-4B1D-9AE5-FFEED4074AC7}.Debug|x86.Build.0 = Debug|Any CPU
		{208EB968-CEF1-4B1D-9AE5-FFEED4074AC7}.Release|Any CPU.ActiveCfg = Release|Any CPU
		{208EB968-CEF1-4B1D-9AE5-FFEED4074AC7}.Release|Any CPU.Build.0 = Release|Any CPU
		{208EB968-CEF1-4B1D-9AE5-FFEED4074AC7}.Release|x64.ActiveCfg = Release|Any CPU
		{208EB968-CEF1-4B1D-9AE5-FFEED4074AC7}.Release|x64.Build.0 = Release|Any CPU
		{208EB968-CEF1-4B1D-9AE5-FFEED4074AC7}.Release|x86.ActiveCfg = Release|Any CPU
		{208EB968-CEF1-4B1D-9AE5-FFEED4074AC7}.Release|x86.Build.0 = Release|Any CPU
		{797C8F79-AA56-46B8-B03E-3E4BB6216402}.Debug|Any CPU.ActiveCfg = Debug|Any CPU
		{797C8F79-AA56-46B8-B03E-3E4BB6216402}.Debug|Any CPU.Build.0 = Debug|Any CPU
		{797C8F79-AA56-46B8-B03E-3E4BB6216402}.Debug|x64.ActiveCfg = Debug|Any CPU
		{797C8F79-AA56-46B8-B03E-3E4BB6216402}.Debug|x64.Build.0 = Debug|Any CPU
		{797C8F79-AA56-46B8-B03E-3E4BB6216402}.Debug|x86.ActiveCfg = Debug|Any CPU
		{797C8F79-AA56-46B8-B03E-3E4BB6216402}.Debug|x86.Build.0 = Debug|Any CPU
		{797C8F79-AA56-46B8-B03E-3E4BB6216402}.Release|Any CPU.ActiveCfg = Release|Any CPU
		{797C8F79-AA56-46B8-B03E-3E4BB6216402}.Release|Any CPU.Build.0 = Release|Any CPU
		{797C8F79-AA56-46B8-B03E-3E4BB6216402}.Release|x64.ActiveCfg = Release|Any CPU
		{797C8F79-AA56-46B8-B03E-3E4BB6216402}.Release|x64.Build.0 = Release|Any CPU
		{797C8F79-AA56-46B8-B03E-3E4BB6216402}.Release|x86.ActiveCfg = Release|Any CPU
		{797C8F79-AA56-46B8-B03E-3E4BB6216402}.Release|x86.Build.0 = Release|Any CPU
	EndGlobalSection
	GlobalSection(SolutionProperties) = preSolution
		HideSolutionNode = FALSE
	EndGlobalSection
	GlobalSection(ExtensibilityGlobals) = postSolution
		SolutionGuid = {4F5A0E79-C851-414C-B813-56F37DE5141E}
	EndGlobalSection
EndGlobal
